# This file is automatically @generated by Cargo.
# It is not intended for manual editing.
[[package]]
name = "gauge_rs"
version = "0.0.1"
dependencies = [
 "lazy_static",
 "protobuf",
 "rustc-serialize",
]

[[package]]
name = "lazy_static"
version = "1.4.0"
source = "registry+https://github.com/rust-lang/crates.io-index"
checksum = "e2abad23fbc42b3700f2f279844dc832adb2b2eb069b2df918f455c4e18cc646"

[[package]]
name = "protobuf"
version = "2.22.0"
source = "registry+https://github.com/rust-lang/crates.io-index"
checksum = "73f72884896d22e0da0e5b266cb9a780b791f6c3b2f5beab6368d6cd4f0dbb86"

[[package]]
name = "rustc-serialize"
version = "0.3.24"
source = "registry+https://github.com/rust-lang/crates.io-index"
checksum = "dcf128d1287d2ea9d80910b5f1120d0b8eede3fbf1abe91c40d39ea7d51e6fda"
